
Microsoft Visual Studio Solution File, Format Version 12.00
# Visual Studio 15
VisualStudioVersion = 15.0.28010.2003
MinimumVisualStudioVersion = 10.0.40219.1
Project("{FAE04EC0-301F-11D3-BF4B-00C04F79EFBC}") = "Chapter4", "Chapter4\Chapter4.csproj", "{E10848DD-5251-42FC-ACD0-C81634145137}"
EndProject
Global
	GlobalSection(SolutionConfigurationPlatforms) = preSolution
		Debug|Any CPU = Debug|Any CPU
		Release|Any CPU = Release|Any CPU
	EndGlobalSection
	GlobalSection(ProjectConfigurationPlatforms) = postSolution
		{E10848DD-5251-42FC-ACD0-C81634145137}.Debug|Any CPU.ActiveCfg = Debug|Any CPU
		{E10848DD-5251-42FC-ACD0-C81634145137}.Debug|Any CPU.Build.0 = Debug|Any CPU
		{E10848DD-5251-42FC-ACD0-C81634145137}.Release|Any CPU.ActiveCfg = Release|Any CPU
		{E10848DD-5251-42FC-ACD0-C81634145137}.Release|Any CPU.Build.0 = Release|Any CPU
	EndGlobalSection
	GlobalSection(SolutionProperties) = preSolution
		HideSolutionNode = FALSE
	EndGlobalSection
	GlobalSection(ExtensibilityGlobals) = postSolution
		SolutionGuid = {1B4CD85E-58CB-4A29-B890-F7CCEB23A469}
	EndGlobalSection
EndGlobal
